
Microsoft Visual Studio Solution File, Format Version 12.00
# Visual Studio Version 17
VisualStudioVersion = 17.7.34031.279
MinimumVisualStudioVersion = 10.0.40219.1
Project("{8BC9CEB8-8B4A-11D0-8D11-00A0C91BC942}") = "ChatClient", "Chat\ChatClient\ChatClient.vcxproj", "{012EA74F-51A1-4D9D-B589-BF795200F2D4}"
	ProjectSection(ProjectDependencies) = postProject
		{6529C13C-1704-413B-A416-0AC0DC1174D1} = {6529C13C-1704-413B-A416-0AC0DC1174D1}
	EndProjectSection
EndProject
Project("{8BC9CEB8-8B4A-11D0-8D11-00A0C91BC942}") = "ChatServer", "Chat\ChatServer\ChatServer.vcxproj", "{183F936B-5BAE-4847-AF81-D45D38B61AC5}"
	ProjectSection(ProjectDependencies) = postProject
		{6529C13C-1704-413B-A416-0AC0DC1174D1} = {6529C13C-1704-413B-A416-0AC0DC1174D1}
	EndProjectSection
EndProject
Project("{8BC9CEB8-8B4A-11D0-8D11-00A0C91BC942}") = "FileTransmitClient", "FileTransfer\FileTransferClient\FileTransmitClient.vcxproj", "{7E931A7A-3817-4C78-A949-935A3B2A46EC}"
	ProjectSection(ProjectDependencies) = postProject
		{6529C13C-1704-413B-A416-0AC0DC1174D1} = {6529C13C-1704-413B-A416-0AC0DC1174D1}
		{C119771C-BE3A-4736-BB73-105D790F0F7A} = {C119771C-BE3A-4736-BB73-105D790F0F7A}
	EndProjectSection
EndProject
Project("{8BC9CEB8-8B4A-11D0-8D11-00A0C91BC942}") = "FileTransmitServer", "FileTransfer\FileTransferServer\FileTransmitServer.vcxproj", "{D99241C0-99BF-4D48-B15A-00E07B5B7897}"
	ProjectSection(ProjectDependencies) = postProject
		{6529C13C-1704-413B-A416-0AC0DC1174D1} = {6529C13C-1704-413B-A416-0AC0DC1174D1}
		{C119771C-BE3A-4736-BB73-105D790F0F7A} = {C119771C-BE3A-4736-BB73-105D790F0F7A}
	EndProjectSection
EndProject
Project("{8BC9CEB8-8B4A-11D0-8D11-00A0C91BC942}") = "Data", "Data\Data.vcxproj", "{6529C13C-1704-413B-A416-0AC0DC1174D1}"
EndProject
Project("{8BC9CEB8-8B4A-11D0-8D11-00A0C91BC942}") = "MessageHandler", "MessageHandler\MessageHandler.vcxproj", "{C119771C-BE3A-4736-BB73-105D790F0F7A}"
EndProject
Global
	GlobalSection(SolutionConfigurationPlatforms) = preSolution
		Debug|x64 = Debug|x64
		Debug|x86 = Debug|x86
		Release|x64 = Release|x64
		Release|x86 = Release|x86
	EndGlobalSection
	GlobalSection(ProjectConfigurationPlatforms) = postSolution
		{012EA74F-51A1-4D9D-B589-BF795200F2D4}.Debug|x64.ActiveCfg = Debug|x64
		{012EA74F-51A1-4D9D-B589-BF795200F2D4}.Debug|x64.Build.0 = Debug|x64
		{012EA74F-51A1-4D9D-B589-BF795200F2D4}.Debug|x86.ActiveCfg = Debug|Win32
		{012EA74F-51A1-4D9D-B589-BF795200F2D4}.Debug|x86.Build.0 = Debug|Win32
		{012EA74F-51A1-4D9D-B589-BF795200F2D4}.Release|x64.ActiveCfg = Release|x64
		{012EA74F-51A1-4D9D-B589-BF795200F2D4}.Release|x64.Build.0 = Release|x64
		{012EA74F-51A1-4D9D-B589-BF795200F2D4}.Release|x86.ActiveCfg = Release|Win32
		{012EA74F-51A1-4D9D-B589-BF795200F2D4}.Release|x86.Build.0 = Release|Win32
		{183F936B-5BAE-4847-AF81-D45D38B61AC5}.Debug|x64.ActiveCfg = Debug|x64
		{183F936B-5BAE-4847-AF81-D45D38B61AC5}.Debug|x64.Build.0 = Debug|x64
		{183F936B-5BAE-4847-AF81-D45D38B61AC5}.Debug|x86.ActiveCfg = Debug|Win32
		{183F936B-5BAE-4847-AF81-D45D38B61AC5}.Debug|x86.Build.0 = Debug|Win32
		{183F936B-5BAE-4847-AF81-D45D38B61AC5}.Release|x64.ActiveCfg = Release|x64
		{183F936B-5BAE-4847-AF81-D45D38B61AC5}.Release|x64.Build.0 = Release|x64
		{183F936B-5BAE-4847-AF81-D45D38B61AC5}.Release|x86.ActiveCfg = Release|Win32
		{183F936B-5BAE-4847-AF81-D45D38B61AC5}.Release|x86.Build.0 = Release|Win32
		{7E931A7A-3817-4C78-A949-935A3B2A46EC}.Debug|x64.ActiveCfg = Debug|x64
		{7E931A7A-3817-4C78-A949-935A3B2A46EC}.Debug|x64.Build.0 = Debug|x64
		{7E931A7A-3817-4C78-A949-935A3B2A46EC}.Debug|x86.ActiveCfg = Debug|Win32
		{7E931A7A-3817-4C78-A949-935A3B2A46EC}.Debug|x86.Build.0 = Debug|Win32
		{7E931A7A-3817-4C78-A949-935A3B2A46EC}.Release|x64.ActiveCfg = Release|x64
		{7E931A7A-3817-4C78-A949-935A3B2A46EC}.Release|x64.Build.0 = Release|x64
		{7E931A7A-3817-4C78-A949-935A3B2A46EC}.Release|x86.ActiveCfg = Release|Win32
		{7E931A7A-3817-4C78-A949-935A3B2A46EC}.Release|x86.Build.0 = Release|Win32
		{D99241C0-99BF-4D48-B15A-00E07B5B7897}.Debug|x64.ActiveCfg = Debug|x64
		{D99241C0-99BF-4D48-B15A-00E07B5B7897}.Debug|x64.Build.0 = Debug|x64
		{D99241C0-99BF-4D48-B15A-00E07B5B7897}.Debug|x86.ActiveCfg = Debug|Win32
		{D99241C0-99BF-4D48-B15A-00E07B5B7897}.Debug|x86.Build.0 = Debug|Win32
		{D99241C0-99BF-4D48-B15A-00E07B5B7897}.Release|x64.ActiveCfg = Release|x64
		{D99241C0-99BF-4D48-B15A-00E07B5B7897}.Release|x64.Build.0 = Release|x64
		{D99241C0-99BF-4D48-B15A-00E07B5B7897}.Release|x86.ActiveCfg = Release|Win32
		{D99241C0-99BF-4D48-B15A-00E07B5B7897}.Release|x86.Build.0 = Release|Win32
		{6529C13C-1704-413B-A416-0AC0DC1174D1}.Debug|x64.ActiveCfg = Debug|x64
		{6529C13C-1704-413B-A416-0AC0DC1174D1}.Debug|x64.Build.0 = Debug|x64
		{6529C13C-1704-413B-A416-0AC0DC1174D1}.Debug|x86.ActiveCfg = Debug|Win32
		{6529C13C-1704-413B-A416-0AC0DC1174D1}.Debug|x86.Build.0 = Debug|Win32
		{6529C13C-1704-413B-A416-0AC0DC1174D1}.Release|x64.ActiveCfg = Release|x64
		{6529C13C-1704-413B-A416-0AC0DC1174D1}.Release|x64.Build.0 = Release|x64
		{6529C13C-1704-413B-A416-0AC0DC1174D1}.Release|x86.ActiveCfg = Release|Win32
		{6529C13C-1704-413B-A416-0AC0DC1174D1}.Release|x86.Build.0 = Release|Win32
		{C119771C-BE3A-4736-BB73-105D790F0F7A}.Debug|x64.ActiveCfg = Debug|x64
		{C119771C-BE3A-4736-BB73-105D790F0F7A}.Debug|x64.Build.0 = Debug|x64
		{C119771C-BE3A-4736-BB73-105D790F0F7A}.Debug|x86.ActiveCfg = Debug|Win32
		{C119771C-BE3A-4736-BB73-105D790F0F7A}.Debug|x86.Build.0 = Debug|Win32
		{C119771C-BE3A-4736-BB73-105D790F0F7A}.Release|x64.ActiveCfg = Release|x64
		{C119771C-BE3A-4736-BB73-105D790F0F7A}.Release|x64.Build.0 = Release|x64
		{C119771C-BE3A-4736-BB73-105D790F0F7A}.Release|x86.ActiveCfg = Release|Win32
		{C119771C-BE3A-4736-BB73-105D790F0F7A}.Release|x86.Build.0 = Release|Win32
	EndGlobalSection
	GlobalSection(SolutionProperties) = preSolution
		HideSolutionNode = FALSE
	EndGlobalSection
	GlobalSection(ExtensibilityGlobals) = postSolution
		SolutionGuid = {1D4C6401-2DC5-45F0-A031-588767CDD6F8}
	EndGlobalSection
EndGlobal
